{
  "requires": true,
  "lockfileVersion": 1,
  "dependencies": {
    "@types/node": {
      "version": "10.17.18",
      "resolved": "https://registry.npmjs.org/@types/node/-/node-10.17.18.tgz",
      "integrity": "sha512-DQ2hl/Jl3g33KuAUOcMrcAOtsbzb+y/ufakzAdeK9z/H/xsvkpbETZZbPNMIiQuk24f5ZRMCcZIViAwyFIiKmg=="
    },
    "arpjs": {
      "version": "1.2.0",
      "resolved": "https://registry.npmjs.org/arpjs/-/arpjs-1.2.0.tgz",
      "integrity": "sha512-J3r3rm4lBFV5fpEwyR3nT74BJ4/nBg/DCrX4iESTO8uFmYYvhd/186H8uz3ple+EwvN0V+SOq+jcmhULqVC+OQ==",
      "requires": {
        "debug": "^3.1.0",
        "getmac": "1.0.7",
        "ip": "1.0.2",
        "pcap": "github:mranney/node_pcap"
      }
    },
    "debug": {
      "version": "3.2.6",
      "resolved": "https://registry.npmjs.org/debug/-/debug-3.2.6.tgz",
      "integrity": "sha512-mel+jf7nrtEl5Pn1Qx46zARXKDpBbvzezse7p7LqINmdoIk8PYP5SySaxEmYv6TZ0JyEKA1hsCId6DIhgITtWQ==",
      "requires": {
        "ms": "^2.1.1"
      }
    },
    "extract-opts": {
      "version": "2.2.0",
      "resolved": "https://registry.npmjs.org/extract-opts/-/extract-opts-2.2.0.tgz",
      "integrity": "sha1-H6KOunNSxttID4hc63GkaBC+bX0=",
      "requires": {
        "typechecker": "~2.0.1"
      }
    },
    "getmac": {
      "version": "1.0.7",
      "resolved": "https://registry.npmjs.org/getmac/-/getmac-1.0.7.tgz",
      "integrity": "sha1-lEYPl3hpjS4VmgPabBZWifIs3Wc=",
      "requires": {
        "extract-opts": "^2.2.0"
      }
    },
    "ip": {
      "version": "1.0.2",
      "resolved": "https://registry.npmjs.org/ip/-/ip-1.0.2.tgz",
      "integrity": "sha1-MuKRWfwShA+8W8qEw88NgMj1q1g="
    },
    "ms": {
      "version": "2.1.2",
      "resolved": "https://registry.npmjs.org/ms/-/ms-2.1.2.tgz",
      "integrity": "sha512-sGkPx+VjMtmA6MX27oA4FBFELFCZZ4S4XqeGOXCv68tT+jb3vk/RyaKWP0PTKyWtmLSM0b+adUTEvbs1PEaH2w=="
    },
    "nan": {
      "version": "2.14.0",
      "resolved": "https://registry.npmjs.org/nan/-/nan-2.14.0.tgz",
      "integrity": "sha512-INOFj37C7k3AfaNTtX8RhsTw7qRy7eLET14cROi9+5HAVbbHuIWUHEauBv5qT4Av2tWasiTY1Jw6puUNqRJXQg=="
    },
    "pcap": {
      "version": "github:mranney/node_pcap#5cae0411758e014e14b0b535281b4ff6d11e5807",
      "from": "github:mranney/node_pcap",
      "requires": {
        "@types/node": "^10.0.0",
        "nan": "^2.14.0"
      }
    },
    "typechecker": {
      "version": "2.0.8",
      "resolved": "https://registry.npmjs.org/typechecker/-/typechecker-2.0.8.tgz",
      "integrity": "sha1-6D2oS7ZMWEzLNFg4V2xAsDN9uC4="
    }
  }
}
