# THIS IS AN AUTOGENERATED FILE. DO NOT EDIT THIS FILE DIRECTLY.
# yarn lockfile v1


"@types/node@^10.0.0":
  version "10.17.24"
  resolved "https://registry.yarnpkg.com/@types/node/-/node-10.17.24.tgz#c57511e3a19c4b5e9692bb2995c40a3a52167944"
  integrity sha512-5SCfvCxV74kzR3uWgTYiGxrd69TbT1I6+cMx1A5kEly/IVveJBimtAMlXiEyVFn5DvUFewQWxOOiJhlxeQwxgA==

cap@^0.2.1:
  version "0.2.1"
  resolved "https://registry.yarnpkg.com/cap/-/cap-0.2.1.tgz#6f4a81134490c564d8f6b5100c8136a0cb4eb7e3"
  integrity sha512-0n10YndTkI4V+rsPVvYFdqlA0Bjf8NFlP/Wgp0W0ymudkijuqkmSVdIWigFe2YdPhjjxTJdW9Mu5ee4VwB0L+A==
  dependencies:
    nan "^2.14.0"

nan@^2.14.0:
  version "2.14.1"
  resolved "https://registry.yarnpkg.com/nan/-/nan-2.14.1.tgz#d7be34dfa3105b91494c3147089315eff8874b01"
  integrity sha512-isWHgVjnFjh2x2yuJ/tj3JbwoHu3UC2dX5G/88Cm24yB6YopVgxvBObDY7n5xW6ExmFhJpSEQqFPvq9zaXc8Jw==

pcap@^3.1.0:
  version "3.1.0"
  resolved "https://registry.yarnpkg.com/pcap/-/pcap-3.1.0.tgz#da89ba48c936e0cd7e4613626b745b1e157052fb"
  integrity sha512-bTmjruLZBmmlAc+wougRbKVzspUA4bqi505v70W/dQErmdiLs8n5pNc1Z41lj8TAkZG6GZD/1mMY0VC+uj/PBQ==
  dependencies:
    "@types/node" "^10.0.0"
    nan "^2.14.0"

sudo-prompt@^9.2.1:
  version "9.2.1"
  resolved "https://registry.yarnpkg.com/sudo-prompt/-/sudo-prompt-9.2.1.tgz#77efb84309c9ca489527a4e749f287e6bdd52afd"
  integrity sha512-Mu7R0g4ig9TUuGSxJavny5Rv0egCEtpZRNMrZaYS1vxkiIxGiGUwoezU3LazIQ+KE04hTrTfNPgxU5gzi7F5Pw==
